// !$*UTF8*$!
{
	archiveVersion = 1;
	classes = {
	};
	objectVersion = 46;
	objects = {

/* Begin PBXBuildFile section */
		DCE744121EEFCEA000C2C240 /* AppDelegate.swift in Sources */ = {isa = PBXBuildFile; fileRef = DCE744111EEFCEA000C2C240 /* AppDelegate.swift */; };
		DCE744141EEFCEA000C2C240 /* ViewController.swift in Sources */ = {isa = PBXBuildFile; fileRef = DCE744131EEFCEA000C2C240 /* ViewController.swift */; };
		DCE744171EEFCEA000C2C240 /* Main.storyboard in Resources */ = {isa = PBXBuildFile; fileRef = DCE744151EEFCEA000C2C240 /* Main.storyboard */; };
		DCE744191EEFCEA000C2C240 /* Assets.xcassets in Resources */ = {isa = PBXBuildFile; fileRef = DCE744181EEFCEA000C2C240 /* Assets.xcassets */; };
		DCE7441C1EEFCEA000C2C240 /* LaunchScreen.storyboard in Resources */ = {isa = PBXBuildFile; fileRef = DCE7441A1EEFCEA000C2C240 /* LaunchScreen.storyboard */; };
/* End PBXBuildFile section */

/* Begin PBXFileReference section */
		DCE7440E1EEFCEA000C2C240 /* Pies2.app */ = {isa = PBXFileReference; explicitFileType = wrapper.application; includeInIndex = 0; path = Pies2.app; sourceTree = BUILT_PRODUCTS_DIR; };
		DCE744111EEFCEA000C2C240 /* AppDelegate.swift */ = {isa = PBXFileReference; lastKnownFileType = sourcecode.swift; path = AppDelegate.swift; sourceTree = "<group>"; };
		DCE744131EEFCEA000C2C240 /* ViewController.swift */ = {isa = PBXFileReference; lastKnownFileType = sourcecode.swift; path = ViewController.swift; sourceTree = "<group>"; };
		DCE744161EEFCEA000C2C240 /* Base */ = {isa = PBXFileReference; lastKnownFileType = file.storyboard; name = Base; path = Base.lproj/Main.storyboard; sourceTree = "<group>"; };
		DCE744181EEFCEA000C2C240 /* Assets.xcassets */ = {isa = PBXFileReference; lastKnownFileType = folder.assetcatalog; path = Assets.xcassets; sourceTree = "<group>"; };
		DCE7441B1EEFCEA000C2C240 /* Base */ = {isa = PBXFileReference; lastKnownFileType = file.storyboard; name = Base; path = Base.lproj/LaunchScreen.storyboard; sourceTree = "<group>"; };
		DCE7441D1EEFCEA000C2C240 /* Info.plist */ = {isa = PBXFileReference; lastKnownFileType = text.plist.xml; path = Info.plist; sourceTree = "<group>"; };
/* End PBXFileReference section */

/* Begin PBXFrameworksBuildPhase section */
		DCE7440B1EEFCEA000C2C240 /* Frameworks */ = {
			isa = PBXFrameworksBuildPhase;
			buildActionMask = 2147483647;
			files = (
			);
			runOnlyForDeploymentPostprocessing = 0;
		};
/* End PBXFrameworksBuildPhase section */

/* Begin PBXGroup section */
		DCE744051EEFCEA000C2C240 = {
			isa = PBXGroup;
			children = (
				DCE744101EEFCEA000C2C240 /* Pies2 */,
				DCE7440F1EEFCEA000C2C240 /* Products */,
			);
			sourceTree = "<group>";
		};
		DCE7440F1EEFCEA000C2C240 /* Products */ = {
			isa = PBXGroup;
			children = (
				DCE7440E1EEFCEA000C2C240 /* Pies2.app */,
			);
			name = Products;
			sourceTree = "<group>";
		};
		DCE744101EEFCEA000C2C240 /* Pies2 */ = {
			isa = PBXGroup;
			children = (
				DCE744111EEFCEA000C2C240 /* AppDelegate.swift */,
				DCE744131EEFCEA000C2C240 /* ViewController.swift */,
				DCE744151EEFCEA000C2C240 /* Main.storyboard */,
				DCE744181EEFCEA000C2C240 /* Assets.xcassets */,
				DCE7441A1EEFCEA000C2C240 /* LaunchScreen.storyboard */,
				DCE7441D1EEFCEA000C2C240 /* Info.plist */,
			);
			path = Pies2;
			sourceTree = "<group>";
		};
/* End PBXGroup section */

/* Begin PBXNativeTarget section */
		DCE7440D1EEFCEA000C2C240 /* Pies2 */ = {
			isa = PBXNativeTarget;
			buildConfigurationList = DCE744201EEFCEA000C2C240 /* Build configuration list for PBXNativeTarget "Pies2" */;
			buildPhases = (
				DCE7440A1EEFCEA000C2C240 /* Sources */,
				DCE7440B1EEFCEA000C2C240 /* Frameworks */,
				DCE7440C1EEFCEA000C2C240 /* Resources */,
			);
			buildRules = (
			);
			dependencies = (
			);
			name = Pies2;
			productName = Pies2;
			productReference = DCE7440E1EEFCEA000C2C240 /* Pies2.app */;
			productType = "com.apple.product-type.application";
		};
/* End PBXNativeTarget section */

/* Begin PBXProject section */
		DCE744061EEFCEA000C2C240 /* Project object */ = {
			isa = PBXProject;
			attributes = {
				LastSwiftUpdateCheck = 0830;
				LastUpgradeCheck = 0830;
				ORGANIZATIONNAME = loverend;
				TargetAttributes = {
					DCE7440D1EEFCEA000C2C240 = {
						CreatedOnToolsVersion = 8.3.2;
						DevelopmentTeam = JZ2AEZ4H8B;
						ProvisioningStyle = Automatic;
					};
				};
			};
			buildConfigurationList = DCE744091EEFCEA000C2C240 /* Build configuration list for PBXProject "Pies2" */;
			compatibilityVersion = "Xcode 3.2";
			developmentRegion = English;
			hasScannedForEncodings = 0;
			knownRegions = (
				en,
				Base,
			);
			mainGroup = DCE744051EEFCEA000C2C240;
			productRefGroup = DCE7440F1EEFCEA000C2C240 /* Products */;
			projectDirPath = "";
			projectRoot = "";
			targets = (
				DCE7440D1EEFCEA000C2C240 /* Pies2 */,
			);
		};
/* End PBXProject section */

/* Begin PBXResourcesBuildPhase section */
		DCE7440C1EEFCEA000C2C240 /* Resources */ = {
			isa = PBXResourcesBuildPhase;
			buildActionMask = 2147483647;
			files = (
				DCE7441C1EEFCEA000C2C240 /* LaunchScreen.storyboard in Resources */,
				DCE744191EEFCEA000C2C240 /* Assets.xcassets in Resources */,
				DCE744171EEFCEA000C2C240 /* Main.storyboard in Resources */,
			);
			runOnlyForDeploymentPostprocessing = 0;
		};
/* End PBXResourcesBuildPhase section */

/* Begin PBXSourcesBuildPhase section */
		DCE7440A1EEFCEA000C2C240 /* Sources */ = {
			isa = PBXSourcesBuildPhase;
			buildActionMask = 2147483647;
			files = (
				DCE744141EEFCEA000C2C240 /* ViewController.swift in Sources */,
				DCE744121EEFCEA000C2C240 /* AppDelegate.swift in Sources */,
			);
			runOnlyForDeploymentPostprocessing = 0;
		};
/* End PBXSourcesBuildPhase section */

/* Begin PBXVariantGroup section */
		DCE744151EEFCEA000C2C240 /* Main.storyboard */ = {
			isa = PBXVariantGroup;
			children = (
				DCE744161EEFCEA000C2C240 /* Base */,
			);
			name = Main.storyboard;
			sourceTree = "<group>";
		};
		DCE7441A1EEFCEA000C2C240 /* LaunchScreen.storyboard */ = {
			isa = PBXVariantGroup;
			children = (
				DCE7441B1EEFCEA000C2C240 /* Base */,
			);
			name = LaunchScreen.storyboard;
			sourceTree = "<group>";
		};
/* End PBXVariantGroup section */

/* Begin XCBuildConfiguration section */
		DCE7441E1EEFCEA000C2C240 /* Debug */ = {
			isa = XCBuildConfiguration;
			buildSettings = {
				ALWAYS_SEARCH_USER_PATHS = NO;
				CLANG_ANALYZER_NONNULL = YES;
				CLANG_ANALYZER_NUMBER_OBJECT_CONVERSION = YES_AGGRESSIVE;
				CLANG_CXX_LANGUAGE_STANDARD = "gnu++0x";
				CLANG_CXX_LIBRARY = "libc++";
				CLANG_ENABLE_MODULES = YES;
				CLANG_ENABLE_OBJC_ARC = YES;
				CLANG_WARN_BOOL_CONVERSION = YES;
				CLANG_WARN_CONSTANT_CONVERSION = YES;
				CLANG_WARN_DIRECT_OBJC_ISA_USAGE = YES_ERROR;
				CLANG_WARN_DOCUMENTATION_COMMENTS = YES;
				CLANG_WARN_EMPTY_BODY = YES;
				CLANG_WARN_ENUM_CONVERSION = YES;
				CLANG_WARN_INFINITE_RECURSION = YES;
				CLANG_WARN_INT_CONVERSION = YES;
				CLANG_WARN_OBJC_ROOT_CLASS = YES_ERROR;
				CLANG_WARN_SUSPICIOUS_MOVE = YES;
				CLANG_WARN_UNREACHABLE_CODE = YES;
				CLANG_WARN__DUPLICATE_METHOD_MATCH = YES;
				"CODE_SIGN_IDENTITY[sdk=iphoneos*]" = "iPhone Developer";
				COPY_PHASE_STRIP = NO;
				DEBUG_INFORMATION_FORMAT = dwarf;
				ENABLE_STRICT_OBJC_MSGSEND = YES;
				ENABLE_TESTABILITY = YES;
				GCC_C_LANGUAGE_STANDARD = gnu99;
				GCC_DYNAMIC_NO_PIC = NO;
				GCC_NO_COMMON_BLOCKS = YES;
				GCC_OPTIMIZATION_LEVEL = 0;
				GCC_PREPROCESSOR_DEFINITIONS = (
					"DEBUG=1",
					"$(inherited)",
				);
				GCC_WARN_64_TO_32_BIT_CONVERSION = YES;
				GCC_WARN_ABOUT_RETURN_TYPE = YES_ERROR;
				GCC_WARN_UNDECLARED_SELECTOR = YES;
				GCC_WARN_UNINITIALIZED_AUTOS = YES_AGGRESSIVE;
				GCC_WARN_UNUSED_FUNCTION = YES;
				GCC_WARN_UNUSED_VARIABLE = YES;
				IPHONEOS_DEPLOYMENT_TARGET = 10.3;
				MTL_ENABLE_DEBUG_INFO = YES;
				ONLY_ACTIVE_ARCH = YES;
				SDKROOT = iphoneos;
				SWIFT_ACTIVE_COMPILATION_CONDITIONS = DEBUG;
				SWIFT_OPTIMIZATION_LEVEL = "-Onone";
			};
			name = Debug;
		};
		DCE7441F1EEFCEA000C2C240 /* Release */ = {
			isa = XCBuildConfiguration;
			buildSettings = {
				ALWAYS_SEARCH_USER_PATHS = NO;
				CLANG_ANALYZER_NONNULL = YES;
				CLANG_ANALYZER_NUMBER_OBJECT_CONVERSION = YES_AGGRESSIVE;
				CLANG_CXX_LANGUAGE_STANDARD = "gnu++0x";
				CLANG_CXX_LIBRARY = "libc++";
				CLANG_ENABLE_MODULES = YES;
				CLANG_ENABLE_OBJC_ARC = YES;
				CLANG_WARN_BOOL_CONVERSION = YES;
				CLANG_WARN_CONSTANT_CONVERSION = YES;
				CLANG_WARN_DIRECT_OBJC_ISA_USAGE = YES_ERROR;
				CLANG_WARN_DOCUMENTATION_COMMENTS = YES;
				CLANG_WARN_EMPTY_BODY = YES;
				CLANG_WARN_ENUM_CONVERSION = YES;
				CLANG_WARN_INFINITE_RECURSION = YES;
				CLANG_WARN_INT_CONVERSION = YES;
				CLANG_WARN_OBJC_ROOT_CLASS = YES_ERROR;
				CLANG_WARN_SUSPICIOUS_MOVE = YES;
				CLANG_WARN_UNREACHABLE_CODE = YES;
				CLANG_WARN__DUPLICATE_METHOD_MATCH = YES;
				"CODE_SIGN_IDENTITY[sdk=iphoneos*]" = "iPhone Developer";
				COPY_PHASE_STRIP = NO;
				DEBUG_INFORMATION_FORMAT = "dwarf-with-dsym";
				ENABLE_NS_ASSERTIONS = NO;
				ENABLE_STRICT_OBJC_MSGSEND = YES;
				GCC_C_LANGUAGE_STANDARD = gnu99;
				GCC_NO_COMMON_BLOCKS = YES;
				GCC_WARN_64_TO_32_BIT_CONVERSION = YES;
				GCC_WARN_ABOUT_RETURN_TYPE = YES_ERROR;
				GCC_WARN_UNDECLARED_SELECTOR = YES;
				GCC_WARN_UNINITIALIZED_AUTOS = YES_AGGRESSIVE;
				GCC_WARN_UNUSED_FUNCTION = YES;
				GCC_WARN_UNUSED_VARIABLE = YES;
				IPHONEOS_DEPLOYMENT_TARGET = 10.3;
				MTL_ENABLE_DEBUG_INFO = NO;
				SDKROOT = iphoneos;
				SWIFT_OPTIMIZATION_LEVEL = "-Owholemodule";
				VALIDATE_PRODUCT = YES;
			};
			name = Release;
		};
		DCE744211EEFCEA000C2C240 /* Debug */ = {
			isa = XCBuildConfiguration;
			buildSettings = {
				ASSETCATALOG_COMPILER_APPICON_NAME = AppIcon;
				DEVELOPMENT_TEAM = JZ2AEZ4H8B;
				INFOPLIST_FILE = Pies2/Info.plist;
				LD_RUNPATH_SEARCH_PATHS = "$(inherited) @executable_path/Frameworks";
				PRODUCT_BUNDLE_IDENTIFIER = loverend.Pies2;
				PRODUCT_NAME = "$(TARGET_NAME)";
				SWIFT_VERSION = 3.0;
			};
			name = Debug;
		};
		DCE744221EEFCEA000C2C240 /* Release */ = {
			isa = XCBuildConfiguration;
			buildSettings = {
				ASSETCATALOG_COMPILER_APPICON_NAME = AppIcon;
				DEVELOPMENT_TEAM = JZ2AEZ4H8B;
				INFOPLIST_FILE = Pies2/Info.plist;
				LD_RUNPATH_SEARCH_PATHS = "$(inherited) @executable_path/Frameworks";
				PRODUCT_BUNDLE_IDENTIFIER = loverend.Pies2;
				PRODUCT_NAME = "$(TARGET_NAME)";
				SWIFT_VERSION = 3.0;
			};
			name = Release;
		};
/* End XCBuildConfiguration section */

/* Begin XCConfigurationList section */
		DCE744091EEFCEA000C2C240 /* Build configuration list for PBXProject "Pies2" */ = {
			isa = XCConfigurationList;
			buildConfigurations = (
				DCE7441E1EEFCEA000C2C240 /* Debug */,
				DCE7441F1EEFCEA000C2C240 /* Release */,
			);
			defaultConfigurationIsVisible = 0;
			defaultConfigurationName = Release;
		};
		DCE744201EEFCEA000C2C240 /* Build configuration list for PBXNativeTarget "Pies2" */ = {
			isa = XCConfigurationList;
			buildConfigurations = (
				DCE744211EEFCEA000C2C240 /* Debug */,
				DCE744221EEFCEA000C2C240 /* Release */,
			);
			defaultConfigurationIsVisible = 0;
		};
/* End XCConfigurationList section */
	};
	rootObject = DCE744061EEFCEA000C2C240 /* Project object */;
}
